
Microsoft Visual Studio Solution File, Format Version 12.00
# Visual Studio 15
VisualStudioVersion = 15.0.28307.572
MinimumVisualStudioVersion = 10.0.40219.1
Project("{FAE04EC0-301F-11D3-BF4B-00C04F79EFBC}") = "DavesEasyJournal.RunningText", "..\DavesEasyJournal.RunningText\DavesEasyJournal.RunningText.csproj", "{B93A7E48-D649-463D-B3A5-077C12E93024}"
EndProject
Global
	GlobalSection(SolutionConfigurationPlatforms) = preSolution
		Debug|Any CPU = Debug|Any CPU
		Release|Any CPU = Release|Any CPU
	EndGlobalSection
	GlobalSection(ProjectConfigurationPlatforms) = postSolution
		{B93A7E48-D649-463D-B3A5-077C12E93024}.Debug|Any CPU.ActiveCfg = Debug|Any CPU
		{B93A7E48-D649-463D-B3A5-077C12E93024}.Debug|Any CPU.Build.0 = Debug|Any CPU
		{B93A7E48-D649-463D-B3A5-077C12E93024}.Release|Any CPU.ActiveCfg = Release|Any CPU
		{B93A7E48-D649-463D-B3A5-077C12E93024}.Release|Any CPU.Build.0 = Release|Any CPU
	EndGlobalSection
	GlobalSection(SolutionProperties) = preSolution
		HideSolutionNode = FALSE
	EndGlobalSection
	GlobalSection(ExtensibilityGlobals) = postSolution
		SolutionGuid = {9097F625-A1E5-4019-8287-CE1D1C3D9404}
	EndGlobalSection
EndGlobal
